
Microsoft Visual Studio Solution File, Format Version 12.00
# Visual Studio 14
VisualStudioVersion = 14.0.25420.1
MinimumVisualStudioVersion = 10.0.40219.1
Project("{FAE04EC0-301F-11D3-BF4B-00C04F79EFBC}") = "Prototype_TNT_Der1", "Prototype_TNT_Der1\Prototype_TNT_Der1.csproj", "{1FF16038-C796-49F8-9461-26177713AAD0}"
EndProject
Project("{FAE04EC0-301F-11D3-BF4B-00C04F79EFBC}") = "EventrixWCF", "EventrixWCF\EventrixWCF.csproj", "{B8649882-8A2E-4594-9EDA-1A6F9C546682}"
EndProject
Project("{FAE04EC0-301F-11D3-BF4B-00C04F79EFBC}") = "Eventrix_Client", "Eventrix_Client\Eventrix_Client.csproj", "{ADC88F5D-37F0-4E80-ACD1-A430641F42E0}"
EndProject
Global
	GlobalSection(SolutionConfigurationPlatforms) = preSolution
		Debug|Any CPU = Debug|Any CPU
		Release|Any CPU = Release|Any CPU
	EndGlobalSection
	GlobalSection(ProjectConfigurationPlatforms) = postSolution
		{1FF16038-C796-49F8-9461-26177713AAD0}.Debug|Any CPU.ActiveCfg = Debug|Any CPU
		{1FF16038-C796-49F8-9461-26177713AAD0}.Debug|Any CPU.Build.0 = Debug|Any CPU
		{1FF16038-C796-49F8-9461-26177713AAD0}.Release|Any CPU.ActiveCfg = Release|Any CPU
		{1FF16038-C796-49F8-9461-26177713AAD0}.Release|Any CPU.Build.0 = Release|Any CPU
		{B8649882-8A2E-4594-9EDA-1A6F9C546682}.Debug|Any CPU.ActiveCfg = Debug|Any CPU
		{B8649882-8A2E-4594-9EDA-1A6F9C546682}.Debug|Any CPU.Build.0 = Debug|Any CPU
		{B8649882-8A2E-4594-9EDA-1A6F9C546682}.Release|Any CPU.ActiveCfg = Release|Any CPU
		{B8649882-8A2E-4594-9EDA-1A6F9C546682}.Release|Any CPU.Build.0 = Release|Any CPU
		{ADC88F5D-37F0-4E80-ACD1-A430641F42E0}.Debug|Any CPU.ActiveCfg = Debug|Any CPU
		{ADC88F5D-37F0-4E80-ACD1-A430641F42E0}.Debug|Any CPU.Build.0 = Debug|Any CPU
		{ADC88F5D-37F0-4E80-ACD1-A430641F42E0}.Release|Any CPU.ActiveCfg = Release|Any CPU
		{ADC88F5D-37F0-4E80-ACD1-A430641F42E0}.Release|Any CPU.Build.0 = Release|Any CPU
	EndGlobalSection
	GlobalSection(SolutionProperties) = preSolution
		HideSolutionNode = FALSE
	EndGlobalSection
EndGlobal
